
Microsoft Visual Studio Solution File, Format Version 12.00
# Visual Studio Version 17
VisualStudioVersion = 17.14.36429.23 d17.14
MinimumVisualStudioVersion = 10.0.40219.1
Project("{8BC9CEB8-8B4A-11D0-8D11-00A0C91BC942}") = "10-wuchenchr-2a", "10-wuchenchr-2a\10-wuchenchr-2a.vcxproj", "{0E2DBCA5-3F25-441C-BA10-230AD84E45FA}"
EndProject
Global
	GlobalSection(SolutionConfigurationPlatforms) = preSolution
		Debug|x64 = Debug|x64
		Debug|x86 = Debug|x86
		Release|x64 = Release|x64
		Release|x86 = Release|x86
	EndGlobalSection
	GlobalSection(ProjectConfigurationPlatforms) = postSolution
		{0E2DBCA5-3F25-441C-BA10-230AD84E45FA}.Debug|x64.ActiveCfg = Debug|x64
		{0E2DBCA5-3F25-441C-BA10-230AD84E45FA}.Debug|x64.Build.0 = Debug|x64
		{0E2DBCA5-3F25-441C-BA10-230AD84E45FA}.Debug|x86.ActiveCfg = Debug|Win32
		{0E2DBCA5-3F25-441C-BA10-230AD84E45FA}.Debug|x86.Build.0 = Debug|Win32
		{0E2DBCA5-3F25-441C-BA10-230AD84E45FA}.Release|x64.ActiveCfg = Release|x64
		{0E2DBCA5-3F25-441C-BA10-230AD84E45FA}.Release|x64.Build.0 = Release|x64
		{0E2DBCA5-3F25-441C-BA10-230AD84E45FA}.Release|x86.ActiveCfg = Release|Win32
		{0E2DBCA5-3F25-441C-BA10-230AD84E45FA}.Release|x86.Build.0 = Release|Win32
	EndGlobalSection
	GlobalSection(SolutionProperties) = preSolution
		HideSolutionNode = FALSE
	EndGlobalSection
	GlobalSection(ExtensibilityGlobals) = postSolution
		SolutionGuid = {DBD5EC11-A915-495D-B865-B0AC3DFE3C0E}
	EndGlobalSection
EndGlobal
